
Microsoft Visual Studio Solution File, Format Version 12.00
# Visual Studio 15
Project("{FAE04EC0-301F-11D3-BF4B-00C04F79EFBC}") = "Assembly-CSharp", "Assembly-CSharp.csproj", "{01E89323-E305-6E8B-46C9-641D56B4F254}"
EndProject
Project("{FAE04EC0-301F-11D3-BF4B-00C04F79EFBC}") = "Assembly-CSharp-Editor", "Assembly-CSharp-Editor.csproj", "{BD44C628-B7E1-7ED9-C9C5-D6A206578315}"
EndProject
Global
	GlobalSection(SolutionConfigurationPlatforms) = preSolution
		Debug|Any CPU = Debug|Any CPU
		Release|Any CPU = Release|Any CPU
	EndGlobalSection
	GlobalSection(ProjectConfigurationPlatforms) = postSolution
		{01E89323-E305-6E8B-46C9-641D56B4F254}.Debug|Any CPU.ActiveCfg = Debug|Any CPU
		{01E89323-E305-6E8B-46C9-641D56B4F254}.Debug|Any CPU.Build.0 = Debug|Any CPU
		{01E89323-E305-6E8B-46C9-641D56B4F254}.Release|Any CPU.ActiveCfg = Release|Any CPU
		{01E89323-E305-6E8B-46C9-641D56B4F254}.Release|Any CPU.Build.0 = Release|Any CPU
		{BD44C628-B7E1-7ED9-C9C5-D6A206578315}.Debug|Any CPU.ActiveCfg = Debug|Any CPU
		{BD44C628-B7E1-7ED9-C9C5-D6A206578315}.Debug|Any CPU.Build.0 = Debug|Any CPU
		{BD44C628-B7E1-7ED9-C9C5-D6A206578315}.Release|Any CPU.ActiveCfg = Release|Any CPU
		{BD44C628-B7E1-7ED9-C9C5-D6A206578315}.Release|Any CPU.Build.0 = Release|Any CPU
	EndGlobalSection
	GlobalSection(SolutionProperties) = preSolution
		HideSolutionNode = FALSE
	EndGlobalSection
EndGlobal
